// !$*UTF8*$!
{
	archiveVersion = 1;
	classes = {
	};
	objectVersion = 50;
	objects = {

/* Begin PBXBuildFile section */
		0818779021A08506009A13CC /* userAllergies.swift in Sources */ = {isa = PBXBuildFile; fileRef = 0818778F21A08506009A13CC /* userAllergies.swift */; };
		081877B421A086F1009A13CC /* Tesseract and Apple Vision.xcdatamodeld in Sources */ = {isa = PBXBuildFile; fileRef = 081877B221A086F1009A13CC /* Tesseract and Apple Vision.xcdatamodeld */; };
		0858B6FE20842D7E00788677 /* AppDelegate.swift in Sources */ = {isa = PBXBuildFile; fileRef = 0858B6FD20842D7E00788677 /* AppDelegate.swift */; };
		0858B70020842D7E00788677 /* ViewController.swift in Sources */ = {isa = PBXBuildFile; fileRef = 0858B6FF20842D7E00788677 /* ViewController.swift */; };
		0858B70320842D7E00788677 /* Main.storyboard in Resources */ = {isa = PBXBuildFile; fileRef = 0858B70120842D7E00788677 /* Main.storyboard */; };
		0858B70520842D8000788677 /* Assets.xcassets in Resources */ = {isa = PBXBuildFile; fileRef = 0858B70420842D8000788677 /* Assets.xcassets */; };
		0858B70820842D8000788677 /* LaunchScreen.storyboard in Resources */ = {isa = PBXBuildFile; fileRef = 0858B70620842D8000788677 /* LaunchScreen.storyboard */; };
		0858B71020842DAA00788677 /* Preview.swift in Sources */ = {isa = PBXBuildFile; fileRef = 0858B70F20842DAA00788677 /* Preview.swift */; };
		0858B71520842F4700788677 /* CoreImage.framework in Frameworks */ = {isa = PBXBuildFile; fileRef = 0858B71420842F4700788677 /* CoreImage.framework */; };
		0858B71920842FA500788677 /* tessdata in Resources */ = {isa = PBXBuildFile; fileRef = 0858B71820842FA500788677 /* tessdata */; };
		0858B71C20842FF200788677 /* Dummy.m in Sources */ = {isa = PBXBuildFile; fileRef = 0858B71B20842FF200788677 /* Dummy.m */; };
		0858B71E2084313300788677 /* TesseractOCR.framework in Frameworks */ = {isa = PBXBuildFile; fileRef = 0858B71D2084313200788677 /* TesseractOCR.framework */; };
		0858B7222084466500788677 /* printRecognizedText.swift in Sources */ = {isa = PBXBuildFile; fileRef = 0858B7212084466500788677 /* printRecognizedText.swift */; };
/* End PBXBuildFile section */

/* Begin PBXFileReference section */
		0818778F21A08506009A13CC /* userAllergies.swift */ = {isa = PBXFileReference; lastKnownFileType = sourcecode.swift; path = userAllergies.swift; sourceTree = "<group>"; };
		081877B321A086F1009A13CC /* Tesseract and Apple Vision.xcdatamodel */ = {isa = PBXFileReference; lastKnownFileType = wrapper.xcdatamodel; path = "Tesseract and Apple Vision.xcdatamodel"; sourceTree = "<group>"; };
		0858B6FA20842D7E00788677 /* Tesseract and Apple Vision.app */ = {isa = PBXFileReference; explicitFileType = wrapper.application; includeInIndex = 0; path = "Tesseract and Apple Vision.app"; sourceTree = BUILT_PRODUCTS_DIR; };
		0858B6FD20842D7E00788677 /* AppDelegate.swift */ = {isa = PBXFileReference; lastKnownFileType = sourcecode.swift; path = AppDelegate.swift; sourceTree = "<group>"; };
		0858B6FF20842D7E00788677 /* ViewController.swift */ = {isa = PBXFileReference; lastKnownFileType = sourcecode.swift; path = ViewController.swift; sourceTree = "<group>"; };
		0858B70220842D7E00788677 /* Base */ = {isa = PBXFileReference; lastKnownFileType = file.storyboard; name = Base; path = Base.lproj/Main.storyboard; sourceTree = "<group>"; };
		0858B70420842D8000788677 /* Assets.xcassets */ = {isa = PBXFileReference; lastKnownFileType = folder.assetcatalog; path = Assets.xcassets; sourceTree = "<group>"; };
		0858B70720842D8000788677 /* Base */ = {isa = PBXFileReference; lastKnownFileType = file.storyboard; name = Base; path = Base.lproj/LaunchScreen.storyboard; sourceTree = "<group>"; };
		0858B70920842D8000788677 /* Info.plist */ = {isa = PBXFileReference; lastKnownFileType = text.plist.xml; path = Info.plist; sourceTree = "<group>"; };
		0858B70F20842DAA00788677 /* Preview.swift */ = {isa = PBXFileReference; lastKnownFileType = sourcecode.swift; path = Preview.swift; sourceTree = "<group>"; };
		0858B71420842F4700788677 /* CoreImage.framework */ = {isa = PBXFileReference; lastKnownFileType = wrapper.framework; name = CoreImage.framework; path = System/Library/Frameworks/CoreImage.framework; sourceTree = SDKROOT; };
		0858B71620842F5100788677 /* libstdc++.6.0.9.tbd */ = {isa = PBXFileReference; lastKnownFileType = "sourcecode.text-based-dylib-definition"; name = "libstdc++.6.0.9.tbd"; path = "usr/lib/libstdc++.6.0.9.tbd"; sourceTree = SDKROOT; };
		0858B71820842FA500788677 /* tessdata */ = {isa = PBXFileReference; lastKnownFileType = folder; name = tessdata; path = "../../../Downloads/Tesseract Resources/tessdata"; sourceTree = "<group>"; };
		0858B71A20842FF200788677 /* Tesseract and Apple Vision-Bridging-Header.h */ = {isa = PBXFileReference; lastKnownFileType = sourcecode.c.h; path = "Tesseract and Apple Vision-Bridging-Header.h"; sourceTree = "<group>"; };
		0858B71B20842FF200788677 /* Dummy.m */ = {isa = PBXFileReference; lastKnownFileType = sourcecode.c.objc; path = Dummy.m; sourceTree = "<group>"; };
		0858B71D2084313200788677 /* TesseractOCR.framework */ = {isa = PBXFileReference; lastKnownFileType = wrapper.framework; path = TesseractOCR.framework; sourceTree = "<group>"; };
		0858B7212084466500788677 /* printRecognizedText.swift */ = {isa = PBXFileReference; lastKnownFileType = sourcecode.swift; path = printRecognizedText.swift; sourceTree = "<group>"; };
/* End PBXFileReference section */

/* Begin PBXFrameworksBuildPhase section */
		0858B6F720842D7E00788677 /* Frameworks */ = {
			isa = PBXFrameworksBuildPhase;
			buildActionMask = 2147483647;
			files = (
				0858B71E2084313300788677 /* TesseractOCR.framework in Frameworks */,
				0858B71520842F4700788677 /* CoreImage.framework in Frameworks */,
			);
			runOnlyForDeploymentPostprocessing = 0;
		};
/* End PBXFrameworksBuildPhase section */

/* Begin PBXGroup section */
		0858B6F120842D7E00788677 = {
			isa = PBXGroup;
			children = (
				0858B6FC20842D7E00788677 /* Tesseract and Apple Vision */,
				0858B6FB20842D7E00788677 /* Products */,
				0858B71320842F4700788677 /* Frameworks */,
			);
			sourceTree = "<group>";
		};
		0858B6FB20842D7E00788677 /* Products */ = {
			isa = PBXGroup;
			children = (
				0858B6FA20842D7E00788677 /* Tesseract and Apple Vision.app */,
			);
			name = Products;
			sourceTree = "<group>";
		};
		0858B6FC20842D7E00788677 /* Tesseract and Apple Vision */ = {
			isa = PBXGroup;
			children = (
				0858B71820842FA500788677 /* tessdata */,
				0858B70F20842DAA00788677 /* Preview.swift */,
				0858B6FD20842D7E00788677 /* AppDelegate.swift */,
				081877B221A086F1009A13CC /* Tesseract and Apple Vision.xcdatamodeld */,
				0858B6FF20842D7E00788677 /* ViewController.swift */,
				0858B70120842D7E00788677 /* Main.storyboard */,
				0858B70420842D8000788677 /* Assets.xcassets */,
				0858B70620842D8000788677 /* LaunchScreen.storyboard */,
				0858B7212084466500788677 /* printRecognizedText.swift */,
				0818778F21A08506009A13CC /* userAllergies.swift */,
				0858B70920842D8000788677 /* Info.plist */,
				0858B71B20842FF200788677 /* Dummy.m */,
				0858B71A20842FF200788677 /* Tesseract and Apple Vision-Bridging-Header.h */,
				0858B71D2084313200788677 /* TesseractOCR.framework */,
			);
			path = "Tesseract and Apple Vision";
			sourceTree = "<group>";
		};
		0858B71320842F4700788677 /* Frameworks */ = {
			isa = PBXGroup;
			children = (
				0858B71620842F5100788677 /* libstdc++.6.0.9.tbd */,
				0858B71420842F4700788677 /* CoreImage.framework */,
			);
			name = Frameworks;
			sourceTree = "<group>";
		};
/* End PBXGroup section */

/* Begin PBXNativeTarget section */
		0858B6F920842D7E00788677 /* Tesseract and Apple Vision */ = {
			isa = PBXNativeTarget;
			buildConfigurationList = 0858B70C20842D8000788677 /* Build configuration list for PBXNativeTarget "Tesseract and Apple Vision" */;
			buildPhases = (
				0858B6F620842D7E00788677 /* Sources */,
				0858B6F720842D7E00788677 /* Frameworks */,
				0858B6F820842D7E00788677 /* Resources */,
			);
			buildRules = (
			);
			dependencies = (
			);
			name = "Tesseract and Apple Vision";
			productName = "Tesseract and Apple Vision";
			productReference = 0858B6FA20842D7E00788677 /* Tesseract and Apple Vision.app */;
			productType = "com.apple.product-type.application";
		};
/* End PBXNativeTarget section */

/* Begin PBXProject section */
		0858B6F220842D7E00788677 /* Project object */ = {
			isa = PBXProject;
			attributes = {
				LastSwiftUpdateCheck = 0930;
				LastUpgradeCheck = 0930;
				ORGANIZATIONNAME = "Sonia Purohit";
				TargetAttributes = {
					0858B6F920842D7E00788677 = {
						CreatedOnToolsVersion = 9.3;
						LastSwiftMigration = 0930;
					};
				};
			};
			buildConfigurationList = 0858B6F520842D7E00788677 /* Build configuration list for PBXProject "detectAllergens" */;
			compatibilityVersion = "Xcode 9.3";
			developmentRegion = en;
			hasScannedForEncodings = 0;
			knownRegions = (
				en,
				Base,
			);
			mainGroup = 0858B6F120842D7E00788677;
			productRefGroup = 0858B6FB20842D7E00788677 /* Products */;
			projectDirPath = "";
			projectRoot = "";
			targets = (
				0858B6F920842D7E00788677 /* Tesseract and Apple Vision */,
			);
		};
/* End PBXProject section */

/* Begin PBXResourcesBuildPhase section */
		0858B6F820842D7E00788677 /* Resources */ = {
			isa = PBXResourcesBuildPhase;
			buildActionMask = 2147483647;
			files = (
				0858B70820842D8000788677 /* LaunchScreen.storyboard in Resources */,
				0858B71920842FA500788677 /* tessdata in Resources */,
				0858B70520842D8000788677 /* Assets.xcassets in Resources */,
				0858B70320842D7E00788677 /* Main.storyboard in Resources */,
			);
			runOnlyForDeploymentPostprocessing = 0;
		};
/* End PBXResourcesBuildPhase section */

/* Begin PBXSourcesBuildPhase section */
		0858B6F620842D7E00788677 /* Sources */ = {
			isa = PBXSourcesBuildPhase;
			buildActionMask = 2147483647;
			files = (
				0858B70020842D7E00788677 /* ViewController.swift in Sources */,
				0858B7222084466500788677 /* printRecognizedText.swift in Sources */,
				0858B71020842DAA00788677 /* Preview.swift in Sources */,
				0818779021A08506009A13CC /* userAllergies.swift in Sources */,
				0858B71C20842FF200788677 /* Dummy.m in Sources */,
				0858B6FE20842D7E00788677 /* AppDelegate.swift in Sources */,
				081877B421A086F1009A13CC /* Tesseract and Apple Vision.xcdatamodeld in Sources */,
			);
			runOnlyForDeploymentPostprocessing = 0;
		};
/* End PBXSourcesBuildPhase section */

/* Begin PBXVariantGroup section */
		0858B70120842D7E00788677 /* Main.storyboard */ = {
			isa = PBXVariantGroup;
			children = (
				0858B70220842D7E00788677 /* Base */,
			);
			name = Main.storyboard;
			sourceTree = "<group>";
		};
		0858B70620842D8000788677 /* LaunchScreen.storyboard */ = {
			isa = PBXVariantGroup;
			children = (
				0858B70720842D8000788677 /* Base */,
			);
			name = LaunchScreen.storyboard;
			sourceTree = "<group>";
		};
/* End PBXVariantGroup section */

/* Begin XCBuildConfiguration section */
		0858B70A20842D8000788677 /* Debug */ = {
			isa = XCBuildConfiguration;
			buildSettings = {
				ALWAYS_SEARCH_USER_PATHS = NO;
				CLANG_ANALYZER_NONNULL = YES;
				CLANG_ANALYZER_NUMBER_OBJECT_CONVERSION = YES_AGGRESSIVE;
				CLANG_CXX_LANGUAGE_STANDARD = "gnu++14";
				CLANG_CXX_LIBRARY = "libc++";
				CLANG_ENABLE_MODULES = YES;
				CLANG_ENABLE_OBJC_ARC = YES;
				CLANG_ENABLE_OBJC_WEAK = YES;
				CLANG_WARN_BLOCK_CAPTURE_AUTORELEASING = YES;
				CLANG_WARN_BOOL_CONVERSION = YES;
				CLANG_WARN_COMMA = YES;
				CLANG_WARN_CONSTANT_CONVERSION = YES;
				CLANG_WARN_DEPRECATED_OBJC_IMPLEMENTATIONS = YES;
				CLANG_WARN_DIRECT_OBJC_ISA_USAGE = YES_ERROR;
				CLANG_WARN_DOCUMENTATION_COMMENTS = YES;
				CLANG_WARN_EMPTY_BODY = YES;
				CLANG_WARN_ENUM_CONVERSION = YES;
				CLANG_WARN_INFINITE_RECURSION = YES;
				CLANG_WARN_INT_CONVERSION = YES;
				CLANG_WARN_NON_LITERAL_NULL_CONVERSION = YES;
				CLANG_WARN_OBJC_IMPLICIT_RETAIN_SELF = YES;
				CLANG_WARN_OBJC_LITERAL_CONVERSION = YES;
				CLANG_WARN_OBJC_ROOT_CLASS = YES_ERROR;
				CLANG_WARN_RANGE_LOOP_ANALYSIS = YES;
				CLANG_WARN_STRICT_PROTOTYPES = YES;
				CLANG_WARN_SUSPICIOUS_MOVE = YES;
				CLANG_WARN_UNGUARDED_AVAILABILITY = YES_AGGRESSIVE;
				CLANG_WARN_UNREACHABLE_CODE = YES;
				CLANG_WARN__DUPLICATE_METHOD_MATCH = YES;
				CODE_SIGN_IDENTITY = "iPhone Developer";
				COPY_PHASE_STRIP = NO;
				DEBUG_INFORMATION_FORMAT = dwarf;
				ENABLE_STRICT_OBJC_MSGSEND = YES;
				ENABLE_TESTABILITY = YES;
				GCC_C_LANGUAGE_STANDARD = gnu11;
				GCC_DYNAMIC_NO_PIC = NO;
				GCC_NO_COMMON_BLOCKS = YES;
				GCC_OPTIMIZATION_LEVEL = 0;
				GCC_PREPROCESSOR_DEFINITIONS = (
					"DEBUG=1",
					"$(inherited)",
				);
				GCC_WARN_64_TO_32_BIT_CONVERSION = YES;
				GCC_WARN_ABOUT_RETURN_TYPE = YES_ERROR;
				GCC_WARN_UNDECLARED_SELECTOR = YES;
				GCC_WARN_UNINITIALIZED_AUTOS = YES_AGGRESSIVE;
				GCC_WARN_UNUSED_FUNCTION = YES;
				GCC_WARN_UNUSED_VARIABLE = YES;
				IPHONEOS_DEPLOYMENT_TARGET = 11.3;
				MTL_ENABLE_DEBUG_INFO = YES;
				ONLY_ACTIVE_ARCH = YES;
				SDKROOT = iphoneos;
				SWIFT_ACTIVE_COMPILATION_CONDITIONS = DEBUG;
				SWIFT_OPTIMIZATION_LEVEL = "-Onone";
			};
			name = Debug;
		};
		0858B70B20842D8000788677 /* Release */ = {
			isa = XCBuildConfiguration;
			buildSettings = {
				ALWAYS_SEARCH_USER_PATHS = NO;
				CLANG_ANALYZER_NONNULL = YES;
				CLANG_ANALYZER_NUMBER_OBJECT_CONVERSION = YES_AGGRESSIVE;
				CLANG_CXX_LANGUAGE_STANDARD = "gnu++14";
				CLANG_CXX_LIBRARY = "libc++";
				CLANG_ENABLE_MODULES = YES;
				CLANG_ENABLE_OBJC_ARC = YES;
				CLANG_ENABLE_OBJC_WEAK = YES;
				CLANG_WARN_BLOCK_CAPTURE_AUTORELEASING = YES;
				CLANG_WARN_BOOL_CONVERSION = YES;
				CLANG_WARN_COMMA = YES;
				CLANG_WARN_CONSTANT_CONVERSION = YES;
				CLANG_WARN_DEPRECATED_OBJC_IMPLEMENTATIONS = YES;
				CLANG_WARN_DIRECT_OBJC_ISA_USAGE = YES_ERROR;
				CLANG_WARN_DOCUMENTATION_COMMENTS = YES;
				CLANG_WARN_EMPTY_BODY = YES;
				CLANG_WARN_ENUM_CONVERSION = YES;
				CLANG_WARN_INFINITE_RECURSION = YES;
				CLANG_WARN_INT_CONVERSION = YES;
				CLANG_WARN_NON_LITERAL_NULL_CONVERSION = YES;
				CLANG_WARN_OBJC_IMPLICIT_RETAIN_SELF = YES;
				CLANG_WARN_OBJC_LITERAL_CONVERSION = YES;
				CLANG_WARN_OBJC_ROOT_CLASS = YES_ERROR;
				CLANG_WARN_RANGE_LOOP_ANALYSIS = YES;
				CLANG_WARN_STRICT_PROTOTYPES = YES;
				CLANG_WARN_SUSPICIOUS_MOVE = YES;
				CLANG_WARN_UNGUARDED_AVAILABILITY = YES_AGGRESSIVE;
				CLANG_WARN_UNREACHABLE_CODE = YES;
				CLANG_WARN__DUPLICATE_METHOD_MATCH = YES;
				CODE_SIGN_IDENTITY = "iPhone Developer";
				COPY_PHASE_STRIP = NO;
				DEBUG_INFORMATION_FORMAT = "dwarf-with-dsym";
				ENABLE_NS_ASSERTIONS = NO;
				ENABLE_STRICT_OBJC_MSGSEND = YES;
				GCC_C_LANGUAGE_STANDARD = gnu11;
				GCC_NO_COMMON_BLOCKS = YES;
				GCC_WARN_64_TO_32_BIT_CONVERSION = YES;
				GCC_WARN_ABOUT_RETURN_TYPE = YES_ERROR;
				GCC_WARN_UNDECLARED_SELECTOR = YES;
				GCC_WARN_UNINITIALIZED_AUTOS = YES_AGGRESSIVE;
				GCC_WARN_UNUSED_FUNCTION = YES;
				GCC_WARN_UNUSED_VARIABLE = YES;
				IPHONEOS_DEPLOYMENT_TARGET = 11.3;
				MTL_ENABLE_DEBUG_INFO = NO;
				SDKROOT = iphoneos;
				SWIFT_COMPILATION_MODE = wholemodule;
				SWIFT_OPTIMIZATION_LEVEL = "-O";
				VALIDATE_PRODUCT = YES;
			};
			name = Release;
		};
		0858B70D20842D8000788677 /* Debug */ = {
			isa = XCBuildConfiguration;
			buildSettings = {
				ASSETCATALOG_COMPILER_APPICON_NAME = AppIcon;
				CLANG_ENABLE_MODULES = YES;
				CODE_SIGN_STYLE = Automatic;
				DEVELOPMENT_TEAM = 8P7323S6HM;
				ENABLE_BITCODE = NO;
				FRAMEWORK_SEARCH_PATHS = (
					"$(inherited)",
					"$(PROJECT_DIR)/Tesseract\\ and\\ Apple\\ Vision/",
				);
				HEADER_SEARCH_PATHS = "$(PROJECT_DIR)/Tesseract\\ and\\ Apple\\ Vision/TesseractOCR.framework/Headers";
				INFOPLIST_FILE = "Tesseract and Apple Vision/Info.plist";
				LD_RUNPATH_SEARCH_PATHS = (
					"$(inherited)",
					"@executable_path/Frameworks",
				);
				OTHER_LDFLAGS = "-lstdc++";
				PRODUCT_BUNDLE_IDENTIFIER = "Sonia-Purohit.recognizeAllergens";
				PRODUCT_NAME = "$(TARGET_NAME)";
				SWIFT_OBJC_BRIDGING_HEADER = "Tesseract and Apple Vision/Tesseract and Apple Vision-Bridging-Header.h";
				SWIFT_OPTIMIZATION_LEVEL = "-Onone";
				SWIFT_VERSION = 4.0;
				TARGETED_DEVICE_FAMILY = "1,2";
			};
			name = Debug;
		};
		0858B70E20842D8000788677 /* Release */ = {
			isa = XCBuildConfiguration;
			buildSettings = {
				ASSETCATALOG_COMPILER_APPICON_NAME = AppIcon;
				CLANG_ENABLE_MODULES = YES;
				CODE_SIGN_STYLE = Automatic;
				DEVELOPMENT_TEAM = 8P7323S6HM;
				ENABLE_BITCODE = NO;
				FRAMEWORK_SEARCH_PATHS = (
					"$(inherited)",
					"$(PROJECT_DIR)/Tesseract\\ and\\ Apple\\ Vision/",
				);
				HEADER_SEARCH_PATHS = "$(PROJECT_DIR)/Tesseract\\ and\\ Apple\\ Vision/TesseractOCR.framework/Headers";
				INFOPLIST_FILE = "Tesseract and Apple Vision/Info.plist";
				LD_RUNPATH_SEARCH_PATHS = (
					"$(inherited)",
					"@executable_path/Frameworks",
				);
				OTHER_LDFLAGS = "-lstdc++";
				PRODUCT_BUNDLE_IDENTIFIER = "Sonia-Purohit.recognizeAllergens";
				PRODUCT_NAME = "$(TARGET_NAME)";
				SWIFT_OBJC_BRIDGING_HEADER = "Tesseract and Apple Vision/Tesseract and Apple Vision-Bridging-Header.h";
				SWIFT_VERSION = 4.0;
				TARGETED_DEVICE_FAMILY = "1,2";
			};
			name = Release;
		};
/* End XCBuildConfiguration section */

/* Begin XCConfigurationList section */
		0858B6F520842D7E00788677 /* Build configuration list for PBXProject "detectAllergens" */ = {
			isa = XCConfigurationList;
			buildConfigurations = (
				0858B70A20842D8000788677 /* Debug */,
				0858B70B20842D8000788677 /* Release */,
			);
			defaultConfigurationIsVisible = 0;
			defaultConfigurationName = Release;
		};
		0858B70C20842D8000788677 /* Build configuration list for PBXNativeTarget "Tesseract and Apple Vision" */ = {
			isa = XCConfigurationList;
			buildConfigurations = (
				0858B70D20842D8000788677 /* Debug */,
				0858B70E20842D8000788677 /* Release */,
			);
			defaultConfigurationIsVisible = 0;
			defaultConfigurationName = Release;
		};
/* End XCConfigurationList section */

/* Begin XCVersionGroup section */
		081877B221A086F1009A13CC /* Tesseract and Apple Vision.xcdatamodeld */ = {
			isa = XCVersionGroup;
			children = (
				081877B321A086F1009A13CC /* Tesseract and Apple Vision.xcdatamodel */,
			);
			currentVersion = 081877B321A086F1009A13CC /* Tesseract and Apple Vision.xcdatamodel */;
			path = "Tesseract and Apple Vision.xcdatamodeld";
			sourceTree = "<group>";
			versionGroupType = wrapper.xcdatamodel;
		};
/* End XCVersionGroup section */
	};
	rootObject = 0858B6F220842D7E00788677 /* Project object */;
}
